
Microsoft Visual Studio Solution File, Format Version 12.00
# Visual Studio Version 17
VisualStudioVersion = 17.5.002.0
MinimumVisualStudioVersion = 10.0.40219.1
Project("{9A19103F-16F7-4668-BE54-9A1E7A4F7556}") = "DotnetAPI", "DotnetAPI.csproj", "{C3779633-F969-4A62-A1C5-494F94162070}"
EndProject
Global
	GlobalSection(SolutionConfigurationPlatforms) = preSolution
		Debug|Any CPU = Debug|Any CPU
		Release|Any CPU = Release|Any CPU
	EndGlobalSection
	GlobalSection(ProjectConfigurationPlatforms) = postSolution
		{C3779633-F969-4A62-A1C5-494F94162070}.Debug|Any CPU.ActiveCfg = Debug|Any CPU
		{C3779633-F969-4A62-A1C5-494F94162070}.Debug|Any CPU.Build.0 = Debug|Any CPU
		{C3779633-F969-4A62-A1C5-494F94162070}.Release|Any CPU.ActiveCfg = Release|Any CPU
		{C3779633-F969-4A62-A1C5-494F94162070}.Release|Any CPU.Build.0 = Release|Any CPU
	EndGlobalSection
	GlobalSection(SolutionProperties) = preSolution
		HideSolutionNode = FALSE
	EndGlobalSection
	GlobalSection(ExtensibilityGlobals) = postSolution
		SolutionGuid = {5E2EFA45-D1CF-42FB-BEBF-DBB3D28C28E8}
	EndGlobalSection
EndGlobal
